
Microsoft Visual Studio Solution File, Format Version 12.00
# Visual Studio Version 17
VisualStudioVersion = 17.5.33516.290
MinimumVisualStudioVersion = 10.0.40219.1
Project("{FAE04EC0-301F-11D3-BF4B-00C04F79EFBC}") = "SuEr0130LABApp", "YuZongzhi0113LABApp\SuEr0130LABApp.csproj", "{0913220F-AB1B-47A6-B14D-610EE5497602}"
EndProject
Project("{FAE04EC0-301F-11D3-BF4B-00C04F79EFBC}") = "LabAss2", "LabAss2\LabAss2.csproj", "{1273594E-7DB7-49CA-B100-2C90135FCEF1}"
EndProject
Project("{FAE04EC0-301F-11D3-BF4B-00C04F79EFBC}") = "LabAss3", "LabAss3\LabAss3.csproj", "{C3B4154C-DFEB-4301-9447-D0FEBBD8FA9F}"
EndProject
Global
	GlobalSection(SolutionConfigurationPlatforms) = preSolution
		Debug|Any CPU = Debug|Any CPU
		Release|Any CPU = Release|Any CPU
	EndGlobalSection
	GlobalSection(ProjectConfigurationPlatforms) = postSolution
		{0913220F-AB1B-47A6-B14D-610EE5497602}.Debug|Any CPU.ActiveCfg = Debug|Any CPU
		{0913220F-AB1B-47A6-B14D-610EE5497602}.Debug|Any CPU.Build.0 = Debug|Any CPU
		{0913220F-AB1B-47A6-B14D-610EE5497602}.Release|Any CPU.ActiveCfg = Release|Any CPU
		{0913220F-AB1B-47A6-B14D-610EE5497602}.Release|Any CPU.Build.0 = Release|Any CPU
		{1273594E-7DB7-49CA-B100-2C90135FCEF1}.Debug|Any CPU.ActiveCfg = Debug|Any CPU
		{1273594E-7DB7-49CA-B100-2C90135FCEF1}.Debug|Any CPU.Build.0 = Debug|Any CPU
		{1273594E-7DB7-49CA-B100-2C90135FCEF1}.Release|Any CPU.ActiveCfg = Release|Any CPU
		{1273594E-7DB7-49CA-B100-2C90135FCEF1}.Release|Any CPU.Build.0 = Release|Any CPU
		{C3B4154C-DFEB-4301-9447-D0FEBBD8FA9F}.Debug|Any CPU.ActiveCfg = Debug|Any CPU
		{C3B4154C-DFEB-4301-9447-D0FEBBD8FA9F}.Debug|Any CPU.Build.0 = Debug|Any CPU
		{C3B4154C-DFEB-4301-9447-D0FEBBD8FA9F}.Release|Any CPU.ActiveCfg = Release|Any CPU
		{C3B4154C-DFEB-4301-9447-D0FEBBD8FA9F}.Release|Any CPU.Build.0 = Release|Any CPU
	EndGlobalSection
	GlobalSection(SolutionProperties) = preSolution
		HideSolutionNode = FALSE
	EndGlobalSection
	GlobalSection(ExtensibilityGlobals) = postSolution
		SolutionGuid = {94C8368D-C0BA-4960-BD28-3833C203D7AC}
	EndGlobalSection
EndGlobal
